
Microsoft Visual Studio Solution File, Format Version 12.00
# Visual Studio Version 17
VisualStudioVersion = 17.4.33122.133
MinimumVisualStudioVersion = 10.0.40219.1
Project("{2150E333-8FDC-42A3-9474-1A3956D46DE8}") = "src", "src", "{E6CFDA50-45CA-4F25-976C-00F763D15A17}"
EndProject
Project("{2150E333-8FDC-42A3-9474-1A3956D46DE8}") = "WebUI", "WebUI", "{5EA89755-480E-4EF4-8E92-D71769196E0B}"
EndProject
Project("{2150E333-8FDC-42A3-9474-1A3956D46DE8}") = "api", "api", "{2BCC4021-AC8A-4893-9B49-3783849A1275}"
EndProject
Project("{9A19103F-16F7-4668-BE54-9A1E7A4F7556}") = "WebApi.Client", "api\WebApi.Client\WebApi.Client.csproj", "{3FA64B28-C37F-4568-9CEA-5E175328FAC3}"
EndProject
Project("{9A19103F-16F7-4668-BE54-9A1E7A4F7556}") = "Client", "src\WebUI\Client\Client.csproj", "{AF4A1A35-EDD0-419A-84BE-093AC717207F}"
EndProject
Project("{9A19103F-16F7-4668-BE54-9A1E7A4F7556}") = "Server", "src\WebUI\Server\Server.csproj", "{DCE3689C-2A6C-439D-98D4-E5CE78ED8F73}"
EndProject
Project("{9A19103F-16F7-4668-BE54-9A1E7A4F7556}") = "Application", "src\Application\Application.csproj", "{A2B9B17F-D77B-4651-A44F-C476CB4F1B58}"
EndProject
Project("{9A19103F-16F7-4668-BE54-9A1E7A4F7556}") = "Domain", "src\Domain\Domain.csproj", "{F8766F84-7C7D-46DA-99E0-AF827DFA549C}"
EndProject
Project("{9A19103F-16F7-4668-BE54-9A1E7A4F7556}") = "Infrastructure", "src\Infrastructure\Infrastructure.csproj", "{A2B8AA0D-F359-49FC-9D69-2253C075F248}"
EndProject
Global
	GlobalSection(SolutionConfigurationPlatforms) = preSolution
		Debug|Any CPU = Debug|Any CPU
		Release|Any CPU = Release|Any CPU
	EndGlobalSection
	GlobalSection(ProjectConfigurationPlatforms) = postSolution
		{3FA64B28-C37F-4568-9CEA-5E175328FAC3}.Debug|Any CPU.ActiveCfg = Debug|Any CPU
		{3FA64B28-C37F-4568-9CEA-5E175328FAC3}.Debug|Any CPU.Build.0 = Debug|Any CPU
		{3FA64B28-C37F-4568-9CEA-5E175328FAC3}.Release|Any CPU.ActiveCfg = Release|Any CPU
		{3FA64B28-C37F-4568-9CEA-5E175328FAC3}.Release|Any CPU.Build.0 = Release|Any CPU
		{AF4A1A35-EDD0-419A-84BE-093AC717207F}.Debug|Any CPU.ActiveCfg = Debug|Any CPU
		{AF4A1A35-EDD0-419A-84BE-093AC717207F}.Debug|Any CPU.Build.0 = Debug|Any CPU
		{AF4A1A35-EDD0-419A-84BE-093AC717207F}.Release|Any CPU.ActiveCfg = Release|Any CPU
		{AF4A1A35-EDD0-419A-84BE-093AC717207F}.Release|Any CPU.Build.0 = Release|Any CPU
		{DCE3689C-2A6C-439D-98D4-E5CE78ED8F73}.Debug|Any CPU.ActiveCfg = Debug|Any CPU
		{DCE3689C-2A6C-439D-98D4-E5CE78ED8F73}.Debug|Any CPU.Build.0 = Debug|Any CPU
		{DCE3689C-2A6C-439D-98D4-E5CE78ED8F73}.Release|Any CPU.ActiveCfg = Release|Any CPU
		{DCE3689C-2A6C-439D-98D4-E5CE78ED8F73}.Release|Any CPU.Build.0 = Release|Any CPU
		{A2B9B17F-D77B-4651-A44F-C476CB4F1B58}.Debug|Any CPU.ActiveCfg = Debug|Any CPU
		{A2B9B17F-D77B-4651-A44F-C476CB4F1B58}.Debug|Any CPU.Build.0 = Debug|Any CPU
		{A2B9B17F-D77B-4651-A44F-C476CB4F1B58}.Release|Any CPU.ActiveCfg = Release|Any CPU
		{A2B9B17F-D77B-4651-A44F-C476CB4F1B58}.Release|Any CPU.Build.0 = Release|Any CPU
		{F8766F84-7C7D-46DA-99E0-AF827DFA549C}.Debug|Any CPU.ActiveCfg = Debug|Any CPU
		{F8766F84-7C7D-46DA-99E0-AF827DFA549C}.Debug|Any CPU.Build.0 = Debug|Any CPU
		{F8766F84-7C7D-46DA-99E0-AF827DFA549C}.Release|Any CPU.ActiveCfg = Release|Any CPU
		{F8766F84-7C7D-46DA-99E0-AF827DFA549C}.Release|Any CPU.Build.0 = Release|Any CPU
		{A2B8AA0D-F359-49FC-9D69-2253C075F248}.Debug|Any CPU.ActiveCfg = Debug|Any CPU
		{A2B8AA0D-F359-49FC-9D69-2253C075F248}.Debug|Any CPU.Build.0 = Debug|Any CPU
		{A2B8AA0D-F359-49FC-9D69-2253C075F248}.Release|Any CPU.ActiveCfg = Release|Any CPU
		{A2B8AA0D-F359-49FC-9D69-2253C075F248}.Release|Any CPU.Build.0 = Release|Any CPU
	EndGlobalSection
	GlobalSection(SolutionProperties) = preSolution
		HideSolutionNode = FALSE
	EndGlobalSection
	GlobalSection(NestedProjects) = preSolution
		{5EA89755-480E-4EF4-8E92-D71769196E0B} = {E6CFDA50-45CA-4F25-976C-00F763D15A17}
		{3FA64B28-C37F-4568-9CEA-5E175328FAC3} = {2BCC4021-AC8A-4893-9B49-3783849A1275}
		{AF4A1A35-EDD0-419A-84BE-093AC717207F} = {5EA89755-480E-4EF4-8E92-D71769196E0B}
		{DCE3689C-2A6C-439D-98D4-E5CE78ED8F73} = {5EA89755-480E-4EF4-8E92-D71769196E0B}
		{A2B9B17F-D77B-4651-A44F-C476CB4F1B58} = {E6CFDA50-45CA-4F25-976C-00F763D15A17}
		{F8766F84-7C7D-46DA-99E0-AF827DFA549C} = {E6CFDA50-45CA-4F25-976C-00F763D15A17}
		{A2B8AA0D-F359-49FC-9D69-2253C075F248} = {E6CFDA50-45CA-4F25-976C-00F763D15A17}
	EndGlobalSection
	GlobalSection(ExtensibilityGlobals) = postSolution
		SolutionGuid = {5C8413BF-8233-4D54-BF49-A6F62EC90224}
	EndGlobalSection
EndGlobal
