
Microsoft Visual Studio Solution File, Format Version 12.00
# Visual Studio Version 17
VisualStudioVersion = 17.4.33122.133
MinimumVisualStudioVersion = 10.0.40219.1
Project("{9A19103F-16F7-4668-BE54-9A1E7A4F7556}") = "Server", "src\WebUI\Server\Server.csproj", "{F4D7B211-5B79-42F8-BA60-B55BC7BA1C72}"
EndProject
Project("{9A19103F-16F7-4668-BE54-9A1E7A4F7556}") = "Client", "src\WebUI\Client\Client.csproj", "{108FB739-AE3C-4B67-ABA8-76A689FCD3B7}"
EndProject
Project("{9A19103F-16F7-4668-BE54-9A1E7A4F7556}") = "Scaletronix.Client", "src\WebUI\Client\Scaletronix.Client.csproj", "{108FB739-AE3C-4B67-ABA8-76A689FCD3B7}"
EndProject
Project("{2150E333-8FDC-42A3-9474-1A3956D46DE8}") = "src", "src", "{E6CFDA50-45CA-4F25-976C-00F763D15A17}"
EndProject
Project("{2150E333-8FDC-42A3-9474-1A3956D46DE8}") = "WebUI", "WebUI", "{5EA89755-480E-4EF4-8E92-D71769196E0B}"
EndProject
Project("{9A19103F-16F7-4668-BE54-9A1E7A4F7556}") = "Domain", "src\Domain\Domain.csproj", "{542BC3C0-E603-4B9E-9AF4-54D069D8B97D}"
EndProject
Project("{9A19103F-16F7-4668-BE54-9A1E7A4F7556}") = "Infrastructure", "src\Infrastructure\Infrastructure.csproj", "{823A721A-9A8F-4CA3-95DA-DE807F048370}"
EndProject
Project("{9A19103F-16F7-4668-BE54-9A1E7A4F7556}") = "Application", "src\Application\Application.csproj", "{105E3B1A-8BB4-4AFD-A975-5A7BB2BF5A3E}"
EndProject
Project("{2150E333-8FDC-42A3-9474-1A3956D46DE8}") = "api", "api", "{2BCC4021-AC8A-4893-9B49-3783849A1275}"
EndProject
Project("{9A19103F-16F7-4668-BE54-9A1E7A4F7556}") = "WebApi.Client", "api\WebApi.Client\WebApi.Client.csproj", "{BE13ACC5-3109-4C83-A453-6D3A4DBEF681}"
EndProject
Global
	GlobalSection(SolutionConfigurationPlatforms) = preSolution
		Debug|Any CPU = Debug|Any CPU
		Release|Any CPU = Release|Any CPU
	EndGlobalSection
	GlobalSection(ProjectConfigurationPlatforms) = postSolution
		{F4D7B211-5B79-42F8-BA60-B55BC7BA1C72}.Debug|Any CPU.ActiveCfg = Debug|Any CPU
		{F4D7B211-5B79-42F8-BA60-B55BC7BA1C72}.Debug|Any CPU.Build.0 = Debug|Any CPU
		{F4D7B211-5B79-42F8-BA60-B55BC7BA1C72}.Release|Any CPU.ActiveCfg = Release|Any CPU
		{F4D7B211-5B79-42F8-BA60-B55BC7BA1C72}.Release|Any CPU.Build.0 = Release|Any CPU
		{108FB739-AE3C-4B67-ABA8-76A689FCD3B7}.Debug|Any CPU.ActiveCfg = Debug|Any CPU
		{108FB739-AE3C-4B67-ABA8-76A689FCD3B7}.Debug|Any CPU.Build.0 = Debug|Any CPU
		{108FB739-AE3C-4B67-ABA8-76A689FCD3B7}.Release|Any CPU.ActiveCfg = Release|Any CPU
		{108FB739-AE3C-4B67-ABA8-76A689FCD3B7}.Release|Any CPU.Build.0 = Release|Any CPU
		{542BC3C0-E603-4B9E-9AF4-54D069D8B97D}.Debug|Any CPU.ActiveCfg = Debug|Any CPU
		{542BC3C0-E603-4B9E-9AF4-54D069D8B97D}.Debug|Any CPU.Build.0 = Debug|Any CPU
		{542BC3C0-E603-4B9E-9AF4-54D069D8B97D}.Release|Any CPU.ActiveCfg = Release|Any CPU
		{542BC3C0-E603-4B9E-9AF4-54D069D8B97D}.Release|Any CPU.Build.0 = Release|Any CPU
		{823A721A-9A8F-4CA3-95DA-DE807F048370}.Debug|Any CPU.ActiveCfg = Debug|Any CPU
		{823A721A-9A8F-4CA3-95DA-DE807F048370}.Debug|Any CPU.Build.0 = Debug|Any CPU
		{823A721A-9A8F-4CA3-95DA-DE807F048370}.Release|Any CPU.ActiveCfg = Release|Any CPU
		{823A721A-9A8F-4CA3-95DA-DE807F048370}.Release|Any CPU.Build.0 = Release|Any CPU
		{105E3B1A-8BB4-4AFD-A975-5A7BB2BF5A3E}.Debug|Any CPU.ActiveCfg = Debug|Any CPU
		{105E3B1A-8BB4-4AFD-A975-5A7BB2BF5A3E}.Debug|Any CPU.Build.0 = Debug|Any CPU
		{105E3B1A-8BB4-4AFD-A975-5A7BB2BF5A3E}.Release|Any CPU.ActiveCfg = Release|Any CPU
		{105E3B1A-8BB4-4AFD-A975-5A7BB2BF5A3E}.Release|Any CPU.Build.0 = Release|Any CPU
		{BE13ACC5-3109-4C83-A453-6D3A4DBEF681}.Debug|Any CPU.ActiveCfg = Debug|Any CPU
		{BE13ACC5-3109-4C83-A453-6D3A4DBEF681}.Debug|Any CPU.Build.0 = Debug|Any CPU
		{BE13ACC5-3109-4C83-A453-6D3A4DBEF681}.Release|Any CPU.ActiveCfg = Release|Any CPU
		{BE13ACC5-3109-4C83-A453-6D3A4DBEF681}.Release|Any CPU.Build.0 = Release|Any CPU
	EndGlobalSection
	GlobalSection(SolutionProperties) = preSolution
		HideSolutionNode = FALSE
	EndGlobalSection
	GlobalSection(NestedProjects) = preSolution
		{F4D7B211-5B79-42F8-BA60-B55BC7BA1C72} = {5EA89755-480E-4EF4-8E92-D71769196E0B}
		{108FB739-AE3C-4B67-ABA8-76A689FCD3B7} = {5EA89755-480E-4EF4-8E92-D71769196E0B}
		{5EA89755-480E-4EF4-8E92-D71769196E0B} = {E6CFDA50-45CA-4F25-976C-00F763D15A17}
		{542BC3C0-E603-4B9E-9AF4-54D069D8B97D} = {E6CFDA50-45CA-4F25-976C-00F763D15A17}
		{823A721A-9A8F-4CA3-95DA-DE807F048370} = {E6CFDA50-45CA-4F25-976C-00F763D15A17}
		{105E3B1A-8BB4-4AFD-A975-5A7BB2BF5A3E} = {E6CFDA50-45CA-4F25-976C-00F763D15A17}
		{BE13ACC5-3109-4C83-A453-6D3A4DBEF681} = {2BCC4021-AC8A-4893-9B49-3783849A1275}
	EndGlobalSection
	GlobalSection(ExtensibilityGlobals) = postSolution
		SolutionGuid = {5C8413BF-8233-4D54-BF49-A6F62EC90224}
	EndGlobalSection
EndGlobal
